PODS:
  - Flutter (1.0.0)
  - ios_camera_pro (0.1.0):
    - Flutter

DEPENDENCIES:
  - Flutter (from `Flutter`)
  - ios_camera_pro (from `.symlinks/plugins/ios_camera_pro/ios`)

EXTERNAL SOURCES:
  Flutter:
    :path: Flutter
  ios_camera_pro:
    :path: ".symlinks/plugins/ios_camera_pro/ios"

SPEC CHECKSUMS:
  Flutter: cabc95a1d2626b1b06e7179b784ebcf0c0cde467
  ios_camera_pro: cbc1eb1d711f2292e84f2bd0a3e076a275746ce1

PODFILE CHECKSUM: 39d0de199b2e5c42aa24ec591277a3fde5170c03

COCOAPODS: 1.16.2
