PODS:
  - Flutter (1.0.0)
  - ios_camera_pro (0.1.0):
    - Flutter

DEPENDENCIES:
  - Flutter (from `Flutter`)
  - ios_camera_pro (from `.symlinks/plugins/ios_camera_pro/ios`)

EXTERNAL SOURCES:
  Flutter:
    :path: Flutter
  ios_camera_pro:
    :path: ".symlinks/plugins/ios_camera_pro/ios"

SPEC CHECKSUMS:
  Flutter: cabc95a1d2626b1b06e7179b784ebcf0c0cde467
  ios_camera_pro: 4c81827ca88f96c492899c65af587ceff97066aa

PODFILE CHECKSUM: 1eb61172d9cacfad8cda38f51bac120002a1d6ba

COCOAPODS: 1.16.2
